// !$*UTF8*$!
{
	archiveVersion = 1;
	classes = {
	};
	objectVersion = 50;
	objects = {

/* Begin PBXBuildFile section */
		329B10C02703E79100618252 /* AppDelegate.swift in Sources */ = {isa = PBXBuildFile; fileRef = 329B10BF2703E79100618252 /* AppDelegate.swift */; };
		329B10C22703E79100618252 /* SceneDelegate.swift in Sources */ = {isa = PBXBuildFile; fileRef = 329B10C12703E79100618252 /* SceneDelegate.swift */; };
		329B10C42703E79100618252 /* ViewController.swift in Sources */ = {isa = PBXBuildFile; fileRef = 329B10C32703E79100618252 /* ViewController.swift */; };
		329B10C72703E79100618252 /* Main.storyboard in Resources */ = {isa = PBXBuildFile; fileRef = 329B10C52703E79100618252 /* Main.storyboard */; };
		329B10C92703E79C00618252 /* Assets.xcassets in Resources */ = {isa = PBXBuildFile; fileRef = 329B10C82703E79C00618252 /* Assets.xcassets */; };
		329B10CC2703E79C00618252 /* LaunchScreen.storyboard in Resources */ = {isa = PBXBuildFile; fileRef = 329B10CA2703E79C00618252 /* LaunchScreen.storyboard */; };
		329B10D72703E79C00618252 /* TableViewVisualAppTests.swift in Sources */ = {isa = PBXBuildFile; fileRef = 329B10D62703E79C00618252 /* TableViewVisualAppTests.swift */; };
		329B10E22703E79C00618252 /* TableViewVisualAppUITests.swift in Sources */ = {isa = PBXBuildFile; fileRef = 329B10E12703E79C00618252 /* TableViewVisualAppUITests.swift */; };
/* End PBXBuildFile section */

/* Begin PBXContainerItemProxy section */
		329B10D32703E79C00618252 /* PBXContainerItemProxy */ = {
			isa = PBXContainerItemProxy;
			containerPortal = 329B10B42703E79100618252 /* Project object */;
			proxyType = 1;
			remoteGlobalIDString = 329B10BB2703E79100618252;
			remoteInfo = TableViewVisualApp;
		};
		329B10DE2703E79C00618252 /* PBXContainerItemProxy */ = {
			isa = PBXContainerItemProxy;
			containerPortal = 329B10B42703E79100618252 /* Project object */;
			proxyType = 1;
			remoteGlobalIDString = 329B10BB2703E79100618252;
			remoteInfo = TableViewVisualApp;
		};
/* End PBXContainerItemProxy section */

/* Begin PBXFileReference section */
		329B10BC2703E79100618252 /* TableViewVisualApp.app */ = {isa = PBXFileReference; explicitFileType = wrapper.application; includeInIndex = 0; path = TableViewVisualApp.app; sourceTree = BUILT_PRODUCTS_DIR; };
		329B10BF2703E79100618252 /* AppDelegate.swift */ = {isa = PBXFileReference; lastKnownFileType = sourcecode.swift; path = AppDelegate.swift; sourceTree = "<group>"; };
		329B10C12703E79100618252 /* SceneDelegate.swift */ = {isa = PBXFileReference; lastKnownFileType = sourcecode.swift; path = SceneDelegate.swift; sourceTree = "<group>"; };
		329B10C32703E79100618252 /* ViewController.swift */ = {isa = PBXFileReference; lastKnownFileType = sourcecode.swift; path = ViewController.swift; sourceTree = "<group>"; };
		329B10C62703E79100618252 /* Base */ = {isa = PBXFileReference; lastKnownFileType = file.storyboard; name = Base; path = Base.lproj/Main.storyboard; sourceTree = "<group>"; };
		329B10C82703E79C00618252 /* Assets.xcassets */ = {isa = PBXFileReference; lastKnownFileType = folder.assetcatalog; path = Assets.xcassets; sourceTree = "<group>"; };
		329B10CB2703E79C00618252 /* Base */ = {isa = PBXFileReference; lastKnownFileType = file.storyboard; name = Base; path = Base.lproj/LaunchScreen.storyboard; sourceTree = "<group>"; };
		329B10CD2703E79C00618252 /* Info.plist */ = {isa = PBXFileReference; lastKnownFileType = text.plist.xml; path = Info.plist; sourceTree = "<group>"; };
		329B10D22703E79C00618252 /* TableViewVisualAppTests.xctest */ = {isa = PBXFileReference; explicitFileType = wrapper.cfbundle; includeInIndex = 0; path = TableViewVisualAppTests.xctest; sourceTree = BUILT_PRODUCTS_DIR; };
		329B10D62703E79C00618252 /* TableViewVisualAppTests.swift */ = {isa = PBXFileReference; lastKnownFileType = sourcecode.swift; path = TableViewVisualAppTests.swift; sourceTree = "<group>"; };
		329B10D82703E79C00618252 /* Info.plist */ = {isa = PBXFileReference; lastKnownFileType = text.plist.xml; path = Info.plist; sourceTree = "<group>"; };
		329B10DD2703E79C00618252 /* TableViewVisualAppUITests.xctest */ = {isa = PBXFileReference; explicitFileType = wrapper.cfbundle; includeInIndex = 0; path = TableViewVisualAppUITests.xctest; sourceTree = BUILT_PRODUCTS_DIR; };
		329B10E12703E79C00618252 /* TableViewVisualAppUITests.swift */ = {isa = PBXFileReference; lastKnownFileType = sourcecode.swift; path = TableViewVisualAppUITests.swift; sourceTree = "<group>"; };
		329B10E32703E79C00618252 /* Info.plist */ = {isa = PBXFileReference; lastKnownFileType = text.plist.xml; path = Info.plist; sourceTree = "<group>"; };
/* End PBXFileReference section */

/* Begin PBXFrameworksBuildPhase section */
		329B10B92703E79100618252 /* Frameworks */ = {
			isa = PBXFrameworksBuildPhase;
			buildActionMask = 2147483647;
			files = (
			);
			runOnlyForDeploymentPostprocessing = 0;
		};
		329B10CF2703E79C00618252 /* Frameworks */ = {
			isa = PBXFrameworksBuildPhase;
			buildActionMask = 2147483647;
			files = (
			);
			runOnlyForDeploymentPostprocessing = 0;
		};
		329B10DA2703E79C00618252 /* Frameworks */ = {
			isa = PBXFrameworksBuildPhase;
			buildActionMask = 2147483647;
			files = (
			);
			runOnlyForDeploymentPostprocessing = 0;
		};
/* End PBXFrameworksBuildPhase section */

/* Begin PBXGroup section */
		329B10B32703E79100618252 = {
			isa = PBXGroup;
			children = (
				329B10BE2703E79100618252 /* TableViewVisualApp */,
				329B10D52703E79C00618252 /* TableViewVisualAppTests */,
				329B10E02703E79C00618252 /* TableViewVisualAppUITests */,
				329B10BD2703E79100618252 /* Products */,
			);
			sourceTree = "<group>";
		};
		329B10BD2703E79100618252 /* Products */ = {
			isa = PBXGroup;
			children = (
				329B10BC2703E79100618252 /* TableViewVisualApp.app */,
				329B10D22703E79C00618252 /* TableViewVisualAppTests.xctest */,
				329B10DD2703E79C00618252 /* TableViewVisualAppUITests.xctest */,
			);
			name = Products;
			sourceTree = "<group>";
		};
		329B10BE2703E79100618252 /* TableViewVisualApp */ = {
			isa = PBXGroup;
			children = (
				329B10BF2703E79100618252 /* AppDelegate.swift */,
				329B10C12703E79100618252 /* SceneDelegate.swift */,
				329B10C32703E79100618252 /* ViewController.swift */,
				329B10C52703E79100618252 /* Main.storyboard */,
				329B10C82703E79C00618252 /* Assets.xcassets */,
				329B10CA2703E79C00618252 /* LaunchScreen.storyboard */,
				329B10CD2703E79C00618252 /* Info.plist */,
			);
			path = TableViewVisualApp;
			sourceTree = "<group>";
		};
		329B10D52703E79C00618252 /* TableViewVisualAppTests */ = {
			isa = PBXGroup;
			children = (
				329B10D62703E79C00618252 /* TableViewVisualAppTests.swift */,
				329B10D82703E79C00618252 /* Info.plist */,
			);
			path = TableViewVisualAppTests;
			sourceTree = "<group>";
		};
		329B10E02703E79C00618252 /* TableViewVisualAppUITests */ = {
			isa = PBXGroup;
			children = (
				329B10E12703E79C00618252 /* TableViewVisualAppUITests.swift */,
				329B10E32703E79C00618252 /* Info.plist */,
			);
			path = TableViewVisualAppUITests;
			sourceTree = "<group>";
		};
/* End PBXGroup section */

/* Begin PBXNativeTarget section */
		329B10BB2703E79100618252 /* TableViewVisualApp */ = {
			isa = PBXNativeTarget;
			buildConfigurationList = 329B10E62703E79C00618252 /* Build configuration list for PBXNativeTarget "TableViewVisualApp" */;
			buildPhases = (
				329B10B82703E79100618252 /* Sources */,
				329B10B92703E79100618252 /* Frameworks */,
				329B10BA2703E79100618252 /* Resources */,
			);
			buildRules = (
			);
			dependencies = (
			);
			name = TableViewVisualApp;
			productName = TableViewVisualApp;
			productReference = 329B10BC2703E79100618252 /* TableViewVisualApp.app */;
			productType = "com.apple.product-type.application";
		};
		329B10D12703E79C00618252 /* TableViewVisualAppTests */ = {
			isa = PBXNativeTarget;
			buildConfigurationList = 329B10E92703E79C00618252 /* Build configuration list for PBXNativeTarget "TableViewVisualAppTests" */;
			buildPhases = (
				329B10CE2703E79C00618252 /* Sources */,
				329B10CF2703E79C00618252 /* Frameworks */,
				329B10D02703E79C00618252 /* Resources */,
			);
			buildRules = (
			);
			dependencies = (
				329B10D42703E79C00618252 /* PBXTargetDependency */,
			);
			name = TableViewVisualAppTests;
			productName = TableViewVisualAppTests;
			productReference = 329B10D22703E79C00618252 /* TableViewVisualAppTests.xctest */;
			productType = "com.apple.product-type.bundle.unit-test";
		};
		329B10DC2703E79C00618252 /* TableViewVisualAppUITests */ = {
			isa = PBXNativeTarget;
			buildConfigurationList = 329B10EC2703E79C00618252 /* Build configuration list for PBXNativeTarget "TableViewVisualAppUITests" */;
			buildPhases = (
				329B10D92703E79C00618252 /* Sources */,
				329B10DA2703E79C00618252 /* Frameworks */,
				329B10DB2703E79C00618252 /* Resources */,
			);
			buildRules = (
			);
			dependencies = (
				329B10DF2703E79C00618252 /* PBXTargetDependency */,
			);
			name = TableViewVisualAppUITests;
			productName = TableViewVisualAppUITests;
			productReference = 329B10DD2703E79C00618252 /* TableViewVisualAppUITests.xctest */;
			productType = "com.apple.product-type.bundle.ui-testing";
		};
/* End PBXNativeTarget section */

/* Begin PBXProject section */
		329B10B42703E79100618252 /* Project object */ = {
			isa = PBXProject;
			attributes = {
				LastSwiftUpdateCheck = 1240;
				LastUpgradeCheck = 1240;
				TargetAttributes = {
					329B10BB2703E79100618252 = {
						CreatedOnToolsVersion = 12.4;
					};
					329B10D12703E79C00618252 = {
						CreatedOnToolsVersion = 12.4;
						TestTargetID = 329B10BB2703E79100618252;
					};
					329B10DC2703E79C00618252 = {
						CreatedOnToolsVersion = 12.4;
						TestTargetID = 329B10BB2703E79100618252;
					};
				};
			};
			buildConfigurationList = 329B10B72703E79100618252 /* Build configuration list for PBXProject "TableViewVisualApp" */;
			compatibilityVersion = "Xcode 9.3";
			developmentRegion = en;
			hasScannedForEncodings = 0;
			knownRegions = (
				en,
				Base,
			);
			mainGroup = 329B10B32703E79100618252;
			productRefGroup = 329B10BD2703E79100618252 /* Products */;
			projectDirPath = "";
			projectRoot = "";
			targets = (
				329B10BB2703E79100618252 /* TableViewVisualApp */,
				329B10D12703E79C00618252 /* TableViewVisualAppTests */,
				329B10DC2703E79C00618252 /* TableViewVisualAppUITests */,
			);
		};
/* End PBXProject section */

/* Begin PBXResourcesBuildPhase section */
		329B10BA2703E79100618252 /* Resources */ = {
			isa = PBXResourcesBuildPhase;
			buildActionMask = 2147483647;
			files = (
				329B10CC2703E79C00618252 /* LaunchScreen.storyboard in Resources */,
				329B10C92703E79C00618252 /* Assets.xcassets in Resources */,
				329B10C72703E79100618252 /* Main.storyboard in Resources */,
			);
			runOnlyForDeploymentPostprocessing = 0;
		};
		329B10D02703E79C00618252 /* Resources */ = {
			isa = PBXResourcesBuildPhase;
			buildActionMask = 2147483647;
			files = (
			);
			runOnlyForDeploymentPostprocessing = 0;
		};
		329B10DB2703E79C00618252 /* Resources */ = {
			isa = PBXResourcesBuildPhase;
			buildActionMask = 2147483647;
			files = (
			);
			runOnlyForDeploymentPostprocessing = 0;
		};
/* End PBXResourcesBuildPhase section */

/* Begin PBXSourcesBuildPhase section */
		329B10B82703E79100618252 /* Sources */ = {
			isa = PBXSourcesBuildPhase;
			buildActionMask = 2147483647;
			files = (
				329B10C42703E79100618252 /* ViewController.swift in Sources */,
				329B10C02703E79100618252 /* AppDelegate.swift in Sources */,
				329B10C22703E79100618252 /* SceneDelegate.swift in Sources */,
			);
			runOnlyForDeploymentPostprocessing = 0;
		};
		329B10CE2703E79C00618252 /* Sources */ = {
			isa = PBXSourcesBuildPhase;
			buildActionMask = 2147483647;
			files = (
				329B10D72703E79C00618252 /* TableViewVisualAppTests.swift in Sources */,
			);
			runOnlyForDeploymentPostprocessing = 0;
		};
		329B10D92703E79C00618252 /* Sources */ = {
			isa = PBXSourcesBuildPhase;
			buildActionMask = 2147483647;
			files = (
				329B10E22703E79C00618252 /* TableViewVisualAppUITests.swift in Sources */,
			);
			runOnlyForDeploymentPostprocessing = 0;
		};
/* End PBXSourcesBuildPhase section */

/* Begin PBXTargetDependency section */
		329B10D42703E79C00618252 /* PBXTargetDependency */ = {
			isa = PBXTargetDependency;
			target = 329B10BB2703E79100618252 /* TableViewVisualApp */;
			targetProxy = 329B10D32703E79C00618252 /* PBXContainerItemProxy */;
		};
		329B10DF2703E79C00618252 /* PBXTargetDependency */ = {
			isa = PBXTargetDependency;
			target = 329B10BB2703E79100618252 /* TableViewVisualApp */;
			targetProxy = 329B10DE2703E79C00618252 /* PBXContainerItemProxy */;
		};
/* End PBXTargetDependency section */

/* Begin PBXVariantGroup section */
		329B10C52703E79100618252 /* Main.storyboard */ = {
			isa = PBXVariantGroup;
			children = (
				329B10C62703E79100618252 /* Base */,
			);
			name = Main.storyboard;
			sourceTree = "<group>";
		};
		329B10CA2703E79C00618252 /* LaunchScreen.storyboard */ = {
			isa = PBXVariantGroup;
			children = (
				329B10CB2703E79C00618252 /* Base */,
			);
			name = LaunchScreen.storyboard;
			sourceTree = "<group>";
		};
/* End PBXVariantGroup section */

/* Begin XCBuildConfiguration section */
		329B10E42703E79C00618252 /* Debug */ = {
			isa = XCBuildConfiguration;
			buildSettings = {
				ALWAYS_SEARCH_USER_PATHS = NO;
				CLANG_ANALYZER_NONNULL = YES;
				CLANG_ANALYZER_NUMBER_OBJECT_CONVERSION = YES_AGGRESSIVE;
				CLANG_CXX_LANGUAGE_STANDARD = "gnu++14";
				CLANG_CXX_LIBRARY = "libc++";
				CLANG_ENABLE_MODULES = YES;
				CLANG_ENABLE_OBJC_ARC = YES;
				CLANG_ENABLE_OBJC_WEAK = YES;
				CLANG_WARN_BLOCK_CAPTURE_AUTORELEASING = YES;
				CLANG_WARN_BOOL_CONVERSION = YES;
				CLANG_WARN_COMMA = YES;
				CLANG_WARN_CONSTANT_CONVERSION = YES;
				CLANG_WARN_DEPRECATED_OBJC_IMPLEMENTATIONS = YES;
				CLANG_WARN_DIRECT_OBJC_ISA_USAGE = YES_ERROR;
				CLANG_WARN_DOCUMENTATION_COMMENTS = YES;
				CLANG_WARN_EMPTY_BODY = YES;
				CLANG_WARN_ENUM_CONVERSION = YES;
				CLANG_WARN_INFINITE_RECURSION = YES;
				CLANG_WARN_INT_CONVERSION = YES;
				CLANG_WARN_NON_LITERAL_NULL_CONVERSION = YES;
				CLANG_WARN_OBJC_IMPLICIT_RETAIN_SELF = YES;
				CLANG_WARN_OBJC_LITERAL_CONVERSION = YES;
				CLANG_WARN_OBJC_ROOT_CLASS = YES_ERROR;
				CLANG_WARN_QUOTED_INCLUDE_IN_FRAMEWORK_HEADER = YES;
				CLANG_WARN_RANGE_LOOP_ANALYSIS = YES;
				CLANG_WARN_STRICT_PROTOTYPES = YES;
				CLANG_WARN_SUSPICIOUS_MOVE = YES;
				CLANG_WARN_UNGUARDED_AVAILABILITY = YES_AGGRESSIVE;
				CLANG_WARN_UNREACHABLE_CODE = YES;
				CLANG_WARN__DUPLICATE_METHOD_MATCH = YES;
				COPY_PHASE_STRIP = NO;
				DEBUG_INFORMATION_FORMAT = dwarf;
				ENABLE_STRICT_OBJC_MSGSEND = YES;
				ENABLE_TESTABILITY = YES;
				GCC_C_LANGUAGE_STANDARD = gnu11;
				GCC_DYNAMIC_NO_PIC = NO;
				GCC_NO_COMMON_BLOCKS = YES;
				GCC_OPTIMIZATION_LEVEL = 0;
				GCC_PREPROCESSOR_DEFINITIONS = (
					"DEBUG=1",
					"$(inherited)",
				);
				GCC_WARN_64_TO_32_BIT_CONVERSION = YES;
				GCC_WARN_ABOUT_RETURN_TYPE = YES_ERROR;
				GCC_WARN_UNDECLARED_SELECTOR = YES;
				GCC_WARN_UNINITIALIZED_AUTOS = YES_AGGRESSIVE;
				GCC_WARN_UNUSED_FUNCTION = YES;
				GCC_WARN_UNUSED_VARIABLE = YES;
				IPHONEOS_DEPLOYMENT_TARGET = 14.4;
				MTL_ENABLE_DEBUG_INFO = INCLUDE_SOURCE;
				MTL_FAST_MATH = YES;
				ONLY_ACTIVE_ARCH = YES;
				SDKROOT = iphoneos;
				SWIFT_ACTIVE_COMPILATION_CONDITIONS = DEBUG;
				SWIFT_OPTIMIZATION_LEVEL = "-Onone";
			};
			name = Debug;
		};
		329B10E52703E79C00618252 /* Release */ = {
			isa = XCBuildConfiguration;
			buildSettings = {
				ALWAYS_SEARCH_USER_PATHS = NO;
				CLANG_ANALYZER_NONNULL = YES;
				CLANG_ANALYZER_NUMBER_OBJECT_CONVERSION = YES_AGGRESSIVE;
				CLANG_CXX_LANGUAGE_STANDARD = "gnu++14";
				CLANG_CXX_LIBRARY = "libc++";
				CLANG_ENABLE_MODULES = YES;
				CLANG_ENABLE_OBJC_ARC = YES;
				CLANG_ENABLE_OBJC_WEAK = YES;
				CLANG_WARN_BLOCK_CAPTURE_AUTORELEASING = YES;
				CLANG_WARN_BOOL_CONVERSION = YES;
				CLANG_WARN_COMMA = YES;
				CLANG_WARN_CONSTANT_CONVERSION = YES;
				CLANG_WARN_DEPRECATED_OBJC_IMPLEMENTATIONS = YES;
				CLANG_WARN_DIRECT_OBJC_ISA_USAGE = YES_ERROR;
				CLANG_WARN_DOCUMENTATION_COMMENTS = YES;
				CLANG_WARN_EMPTY_BODY = YES;
				CLANG_WARN_ENUM_CONVERSION = YES;
				CLANG_WARN_INFINITE_RECURSION = YES;
				CLANG_WARN_INT_CONVERSION = YES;
				CLANG_WARN_NON_LITERAL_NULL_CONVERSION = YES;
				CLANG_WARN_OBJC_IMPLICIT_RETAIN_SELF = YES;
				CLANG_WARN_OBJC_LITERAL_CONVERSION = YES;
				CLANG_WARN_OBJC_ROOT_CLASS = YES_ERROR;
				CLANG_WARN_QUOTED_INCLUDE_IN_FRAMEWORK_HEADER = YES;
				CLANG_WARN_RANGE_LOOP_ANALYSIS = YES;
				CLANG_WARN_STRICT_PROTOTYPES = YES;
				CLANG_WARN_SUSPICIOUS_MOVE = YES;
				CLANG_WARN_UNGUARDED_AVAILABILITY = YES_AGGRESSIVE;
				CLANG_WARN_UNREACHABLE_CODE = YES;
				CLANG_WARN__DUPLICATE_METHOD_MATCH = YES;
				COPY_PHASE_STRIP = NO;
				DEBUG_INFORMATION_FORMAT = "dwarf-with-dsym";
				ENABLE_NS_ASSERTIONS = NO;
				ENABLE_STRICT_OBJC_MSGSEND = YES;
				GCC_C_LANGUAGE_STANDARD = gnu11;
				GCC_NO_COMMON_BLOCKS = YES;
				GCC_WARN_64_TO_32_BIT_CONVERSION = YES;
				GCC_WARN_ABOUT_RETURN_TYPE = YES_ERROR;
				GCC_WARN_UNDECLARED_SELECTOR = YES;
				GCC_WARN_UNINITIALIZED_AUTOS = YES_AGGRESSIVE;
				GCC_WARN_UNUSED_FUNCTION = YES;
				GCC_WARN_UNUSED_VARIABLE = YES;
				IPHONEOS_DEPLOYMENT_TARGET = 14.4;
				MTL_ENABLE_DEBUG_INFO = NO;
				MTL_FAST_MATH = YES;
				SDKROOT = iphoneos;
				SWIFT_COMPILATION_MODE = wholemodule;
				SWIFT_OPTIMIZATION_LEVEL = "-O";
				VALIDATE_PRODUCT = YES;
			};
			name = Release;
		};
		329B10E72703E79C00618252 /* Debug */ = {
			isa = XCBuildConfiguration;
			buildSettings = {
				ASSETCATALOG_COMPILER_APPICON_NAME = AppIcon;
				ASSETCATALOG_COMPILER_GLOBAL_ACCENT_COLOR_NAME = AccentColor;
				CODE_SIGN_STYLE = Automatic;
				DEVELOPMENT_TEAM = 3DY97BVWHY;
				INFOPLIST_FILE = TableViewVisualApp/Info.plist;
				LD_RUNPATH_SEARCH_PATHS = (
					"$(inherited)",
					"@executable_path/Frameworks",
				);
				PRODUCT_BUNDLE_IDENTIFIER = "Cubit-Solutions.TableViewVisualApp";
				PRODUCT_NAME = "$(TARGET_NAME)";
				SWIFT_VERSION = 5.0;
				TARGETED_DEVICE_FAMILY = "1,2";
			};
			name = Debug;
		};
		329B10E82703E79C00618252 /* Release */ = {
			isa = XCBuildConfiguration;
			buildSettings = {
				ASSETCATALOG_COMPILER_APPICON_NAME = AppIcon;
				ASSETCATALOG_COMPILER_GLOBAL_ACCENT_COLOR_NAME = AccentColor;
				CODE_SIGN_STYLE = Automatic;
				DEVELOPMENT_TEAM = 3DY97BVWHY;
				INFOPLIST_FILE = TableViewVisualApp/Info.plist;
				LD_RUNPATH_SEARCH_PATHS = (
					"$(inherited)",
					"@executable_path/Frameworks",
				);
				PRODUCT_BUNDLE_IDENTIFIER = "Cubit-Solutions.TableViewVisualApp";
				PRODUCT_NAME = "$(TARGET_NAME)";
				SWIFT_VERSION = 5.0;
				TARGETED_DEVICE_FAMILY = "1,2";
			};
			name = Release;
		};
		329B10EA2703E79C00618252 /* Debug */ = {
			isa = XCBuildConfiguration;
			buildSettings = {
				ALWAYS_EMBED_SWIFT_STANDARD_LIBRARIES = YES;
				BUNDLE_LOADER = "$(TEST_HOST)";
				CODE_SIGN_STYLE = Automatic;
				DEVELOPMENT_TEAM = 3DY97BVWHY;
				INFOPLIST_FILE = TableViewVisualAppTests/Info.plist;
				IPHONEOS_DEPLOYMENT_TARGET = 14.4;
				LD_RUNPATH_SEARCH_PATHS = (
					"$(inherited)",
					"@executable_path/Frameworks",
					"@loader_path/Frameworks",
				);
				PRODUCT_BUNDLE_IDENTIFIER = "Cubit-Solutions.TableViewVisualAppTests";
				PRODUCT_NAME = "$(TARGET_NAME)";
				SWIFT_VERSION = 5.0;
				TARGETED_DEVICE_FAMILY = "1,2";
				TEST_HOST = "$(BUILT_PRODUCTS_DIR)/TableViewVisualApp.app/TableViewVisualApp";
			};
			name = Debug;
		};
		329B10EB2703E79C00618252 /* Release */ = {
			isa = XCBuildConfiguration;
			buildSettings = {
				ALWAYS_EMBED_SWIFT_STANDARD_LIBRARIES = YES;
				BUNDLE_LOADER = "$(TEST_HOST)";
				CODE_SIGN_STYLE = Automatic;
				DEVELOPMENT_TEAM = 3DY97BVWHY;
				INFOPLIST_FILE = TableViewVisualAppTests/Info.plist;
				IPHONEOS_DEPLOYMENT_TARGET = 14.4;
				LD_RUNPATH_SEARCH_PATHS = (
					"$(inherited)",
					"@executable_path/Frameworks",
					"@loader_path/Frameworks",
				);
				PRODUCT_BUNDLE_IDENTIFIER = "Cubit-Solutions.TableViewVisualAppTests";
				PRODUCT_NAME = "$(TARGET_NAME)";
				SWIFT_VERSION = 5.0;
				TARGETED_DEVICE_FAMILY = "1,2";
				TEST_HOST = "$(BUILT_PRODUCTS_DIR)/TableViewVisualApp.app/TableViewVisualApp";
			};
			name = Release;
		};
		329B10ED2703E79C00618252 /* Debug */ = {
			isa = XCBuildConfiguration;
			buildSettings = {
				ALWAYS_EMBED_SWIFT_STANDARD_LIBRARIES = YES;
				CODE_SIGN_STYLE = Automatic;
				DEVELOPMENT_TEAM = 3DY97BVWHY;
				INFOPLIST_FILE = TableViewVisualAppUITests/Info.plist;
				LD_RUNPATH_SEARCH_PATHS = (
					"$(inherited)",
					"@executable_path/Frameworks",
					"@loader_path/Frameworks",
				);
				PRODUCT_BUNDLE_IDENTIFIER = "Cubit-Solutions.TableViewVisualAppUITests";
				PRODUCT_NAME = "$(TARGET_NAME)";
				SWIFT_VERSION = 5.0;
				TARGETED_DEVICE_FAMILY = "1,2";
				TEST_TARGET_NAME = TableViewVisualApp;
			};
			name = Debug;
		};
		329B10EE2703E79C00618252 /* Release */ = {
			isa = XCBuildConfiguration;
			buildSettings = {
				ALWAYS_EMBED_SWIFT_STANDARD_LIBRARIES = YES;
				CODE_SIGN_STYLE = Automatic;
				DEVELOPMENT_TEAM = 3DY97BVWHY;
				INFOPLIST_FILE = TableViewVisualAppUITests/Info.plist;
				LD_RUNPATH_SEARCH_PATHS = (
					"$(inherited)",
					"@executable_path/Frameworks",
					"@loader_path/Frameworks",
				);
				PRODUCT_BUNDLE_IDENTIFIER = "Cubit-Solutions.TableViewVisualAppUITests";
				PRODUCT_NAME = "$(TARGET_NAME)";
				SWIFT_VERSION = 5.0;
				TARGETED_DEVICE_FAMILY = "1,2";
				TEST_TARGET_NAME = TableViewVisualApp;
			};
			name = Release;
		};
/* End XCBuildConfiguration section */

/* Begin XCConfigurationList section */
		329B10B72703E79100618252 /* Build configuration list for PBXProject "TableViewVisualApp" */ = {
			isa = XCConfigurationList;
			buildConfigurations = (
				329B10E42703E79C00618252 /* Debug */,
				329B10E52703E79C00618252 /* Release */,
			);
			defaultConfigurationIsVisible = 0;
			defaultConfigurationName = Release;
		};
		329B10E62703E79C00618252 /* Build configuration list for PBXNativeTarget "TableViewVisualApp" */ = {
			isa = XCConfigurationList;
			buildConfigurations = (
				329B10E72703E79C00618252 /* Debug */,
				329B10E82703E79C00618252 /* Release */,
			);
			defaultConfigurationIsVisible = 0;
			defaultConfigurationName = Release;
		};
		329B10E92703E79C00618252 /* Build configuration list for PBXNativeTarget "TableViewVisualAppTests" */ = {
			isa = XCConfigurationList;
			buildConfigurations = (
				329B10EA2703E79C00618252 /* Debug */,
				329B10EB2703E79C00618252 /* Release */,
			);
			defaultConfigurationIsVisible = 0;
			defaultConfigurationName = Release;
		};
		329B10EC2703E79C00618252 /* Build configuration list for PBXNativeTarget "TableViewVisualAppUITests" */ = {
			isa = XCConfigurationList;
			buildConfigurations = (
				329B10ED2703E79C00618252 /* Debug */,
				329B10EE2703E79C00618252 /* Release */,
			);
			defaultConfigurationIsVisible = 0;
			defaultConfigurationName = Release;
		};
/* End XCConfigurationList section */
	};
	rootObject = 329B10B42703E79100618252 /* Project object */;
}
